
Microsoft Visual Studio Solution File, Format Version 12.00
Project("{2150E333-8FDC-42A3-9474-1A3956D46DE8}") = "AppointmentSchedulerManagement", "AppointmentSchedulerManagement", "{5D9A29D2-DB0C-4897-B500-07EF006BCB00}"
EndProject
Project("{2150E333-8FDC-42A3-9474-1A3956D46DE8}") = "AS.Domain", "AS.Domain", "{FF7AC496-45F0-4B46-8739-B13AE74CC97D}"
EndProject
Project("{2150E333-8FDC-42A3-9474-1A3956D46DE8}") = "AS.Application", "AS.Application", "{FDD91631-85BF-41CC-8137-3DA94D2E7758}"
EndProject
Project("{2150E333-8FDC-42A3-9474-1A3956D46DE8}") = "AS.Infrastructure", "AS.Infrastructure", "{0830870D-5A62-4ED5-9994-1B87DA081304}"
EndProject
Project("{FAE04EC0-301F-11D3-BF4B-00C04F79EFBC}") = "AppointmentScheduler.Application", "AppointmentScheduler.Application\AppointmentScheduler.Application.csproj", "{4B74692D-CCB3-4563-BE37-C7C1AB3BB68A}"
EndProject
Project("{FAE04EC0-301F-11D3-BF4B-00C04F79EFBC}") = "AppointmentScheduler.Contract", "AppointmentScheduler.Contract\AppointmentScheduler.Contract.csproj", "{ECEAE4C0-2B63-4283-AFAC-7DEF7AEC40D7}"
EndProject
Project("{FAE04EC0-301F-11D3-BF4B-00C04F79EFBC}") = "AppointmentScheduler.Domain", "AppointmentScheduler.Domain\AppointmentScheduler.Domain.csproj", "{2150A028-4CF4-434F-A5CE-9E71AF5CBBA6}"
EndProject
Project("{FAE04EC0-301F-11D3-BF4B-00C04F79EFBC}") = "AppointmentScheduler.InfraStructure.EFCore", "AppointmentScheduler.InfraStructure.EFCore\AppointmentScheduler.InfraStructure.EFCore.csproj", "{78660E74-9D38-49C1-B14F-0120EAB9DA73}"
EndProject
Project("{FAE04EC0-301F-11D3-BF4B-00C04F79EFBC}") = "AppointmentScheduler.Configuration", "AppointmentScheduler.Configuration\AppointmentScheduler.Configuration.csproj", "{49493CE6-C756-4022-B79B-DE9AF2491478}"
EndProject
Project("{2150E333-8FDC-42A3-9474-1A3956D46DE8}") = "AccountManagement", "AccountManagement", "{F295046D-D8F3-42A8-B083-CB51CC2DE743}"
EndProject
Project("{2150E333-8FDC-42A3-9474-1A3956D46DE8}") = "AM.Application", "AM.Application", "{94349196-C37D-4A20-8202-87A73564255A}"
EndProject
Project("{2150E333-8FDC-42A3-9474-1A3956D46DE8}") = "AM.Domain", "AM.Domain", "{94FCC3C1-1891-466E-B2E4-FE9170BA6986}"
EndProject
Project("{2150E333-8FDC-42A3-9474-1A3956D46DE8}") = "AM.Infrastruture", "AM.Infrastruture", "{609C8161-7D7C-411C-A16C-D388F74215D6}"
EndProject
Project("{FAE04EC0-301F-11D3-BF4B-00C04F79EFBC}") = "AccountManagement.Application", "AccountManagement.Application\AccountManagement.Application.csproj", "{D0A68A70-3BA4-4014-8C7D-A7FF3330A05F}"
EndProject
Project("{FAE04EC0-301F-11D3-BF4B-00C04F79EFBC}") = "AccountManagement.Contract", "AccountManagement.Contract\AccountManagement.Contract.csproj", "{63767C0A-35FB-47A5-AE7C-C98107768D9D}"
EndProject
Project("{FAE04EC0-301F-11D3-BF4B-00C04F79EFBC}") = "AccountManagement.Domain", "AccountManagement.Domain\AccountManagement.Domain.csproj", "{571678FF-756A-4DB3-8087-24FF6C7A4DCB}"
EndProject
Project("{FAE04EC0-301F-11D3-BF4B-00C04F79EFBC}") = "AccountManagement.Infrastructure.EFCore", "AccountManagement.Infrastructure.EFCore\AccountManagement.Infrastructure.EFCore.csproj", "{846EA14E-3776-412B-A152-3251E890862E}"
EndProject
Project("{FAE04EC0-301F-11D3-BF4B-00C04F79EFBC}") = "AccountManagement.Configuration", "AccountManagement.Configuration\AccountManagement.Configuration.csproj", "{9E0D2655-C531-4EDE-94D5-94CEFC4E6E8F}"
EndProject
Project("{FAE04EC0-301F-11D3-BF4B-00C04F79EFBC}") = "Framework", "Framework\Framework.csproj", "{D6ED6849-36C1-4B21-9BB0-DDF61BF44054}"
EndProject
Project("{FAE04EC0-301F-11D3-BF4B-00C04F79EFBC}") = "WebAppServiceHost", "WebAppServiceHost\WebAppServiceHost.csproj", "{3FA786C2-E2BF-4C5C-922F-0B94B2BDE89C}"
EndProject
Project("{FAE04EC0-301F-11D3-BF4B-00C04F79EFBC}") = "AppointmentSchedulerQuery", "AppointmentSchedulerQuery\AppointmentSchedulerQuery.csproj", "{C192A47F-5E22-4018-A555-6424A7071718}"
EndProject
Global
	GlobalSection(SolutionConfigurationPlatforms) = preSolution
		Debug|Any CPU = Debug|Any CPU
		Release|Any CPU = Release|Any CPU
	EndGlobalSection
	GlobalSection(NestedProjects) = preSolution
		{FF7AC496-45F0-4B46-8739-B13AE74CC97D} = {5D9A29D2-DB0C-4897-B500-07EF006BCB00}
		{FDD91631-85BF-41CC-8137-3DA94D2E7758} = {5D9A29D2-DB0C-4897-B500-07EF006BCB00}
		{0830870D-5A62-4ED5-9994-1B87DA081304} = {5D9A29D2-DB0C-4897-B500-07EF006BCB00}
		{4B74692D-CCB3-4563-BE37-C7C1AB3BB68A} = {FDD91631-85BF-41CC-8137-3DA94D2E7758}
		{ECEAE4C0-2B63-4283-AFAC-7DEF7AEC40D7} = {FDD91631-85BF-41CC-8137-3DA94D2E7758}
		{2150A028-4CF4-434F-A5CE-9E71AF5CBBA6} = {FF7AC496-45F0-4B46-8739-B13AE74CC97D}
		{78660E74-9D38-49C1-B14F-0120EAB9DA73} = {0830870D-5A62-4ED5-9994-1B87DA081304}
		{49493CE6-C756-4022-B79B-DE9AF2491478} = {0830870D-5A62-4ED5-9994-1B87DA081304}
		{94349196-C37D-4A20-8202-87A73564255A} = {F295046D-D8F3-42A8-B083-CB51CC2DE743}
		{94FCC3C1-1891-466E-B2E4-FE9170BA6986} = {F295046D-D8F3-42A8-B083-CB51CC2DE743}
		{609C8161-7D7C-411C-A16C-D388F74215D6} = {F295046D-D8F3-42A8-B083-CB51CC2DE743}
		{D0A68A70-3BA4-4014-8C7D-A7FF3330A05F} = {94349196-C37D-4A20-8202-87A73564255A}
		{63767C0A-35FB-47A5-AE7C-C98107768D9D} = {94349196-C37D-4A20-8202-87A73564255A}
		{571678FF-756A-4DB3-8087-24FF6C7A4DCB} = {94FCC3C1-1891-466E-B2E4-FE9170BA6986}
		{846EA14E-3776-412B-A152-3251E890862E} = {609C8161-7D7C-411C-A16C-D388F74215D6}
		{9E0D2655-C531-4EDE-94D5-94CEFC4E6E8F} = {609C8161-7D7C-411C-A16C-D388F74215D6}
	EndGlobalSection
	GlobalSection(ProjectConfigurationPlatforms) = postSolution
		{4B74692D-CCB3-4563-BE37-C7C1AB3BB68A}.Debug|Any CPU.ActiveCfg = Debug|Any CPU
		{4B74692D-CCB3-4563-BE37-C7C1AB3BB68A}.Debug|Any CPU.Build.0 = Debug|Any CPU
		{4B74692D-CCB3-4563-BE37-C7C1AB3BB68A}.Release|Any CPU.ActiveCfg = Release|Any CPU
		{4B74692D-CCB3-4563-BE37-C7C1AB3BB68A}.Release|Any CPU.Build.0 = Release|Any CPU
		{ECEAE4C0-2B63-4283-AFAC-7DEF7AEC40D7}.Debug|Any CPU.ActiveCfg = Debug|Any CPU
		{ECEAE4C0-2B63-4283-AFAC-7DEF7AEC40D7}.Debug|Any CPU.Build.0 = Debug|Any CPU
		{ECEAE4C0-2B63-4283-AFAC-7DEF7AEC40D7}.Release|Any CPU.ActiveCfg = Release|Any CPU
		{ECEAE4C0-2B63-4283-AFAC-7DEF7AEC40D7}.Release|Any CPU.Build.0 = Release|Any CPU
		{2150A028-4CF4-434F-A5CE-9E71AF5CBBA6}.Debug|Any CPU.ActiveCfg = Debug|Any CPU
		{2150A028-4CF4-434F-A5CE-9E71AF5CBBA6}.Debug|Any CPU.Build.0 = Debug|Any CPU
		{2150A028-4CF4-434F-A5CE-9E71AF5CBBA6}.Release|Any CPU.ActiveCfg = Release|Any CPU
		{2150A028-4CF4-434F-A5CE-9E71AF5CBBA6}.Release|Any CPU.Build.0 = Release|Any CPU
		{78660E74-9D38-49C1-B14F-0120EAB9DA73}.Debug|Any CPU.ActiveCfg = Debug|Any CPU
		{78660E74-9D38-49C1-B14F-0120EAB9DA73}.Debug|Any CPU.Build.0 = Debug|Any CPU
		{78660E74-9D38-49C1-B14F-0120EAB9DA73}.Release|Any CPU.ActiveCfg = Release|Any CPU
		{78660E74-9D38-49C1-B14F-0120EAB9DA73}.Release|Any CPU.Build.0 = Release|Any CPU
		{49493CE6-C756-4022-B79B-DE9AF2491478}.Debug|Any CPU.ActiveCfg = Debug|Any CPU
		{49493CE6-C756-4022-B79B-DE9AF2491478}.Debug|Any CPU.Build.0 = Debug|Any CPU
		{49493CE6-C756-4022-B79B-DE9AF2491478}.Release|Any CPU.ActiveCfg = Release|Any CPU
		{49493CE6-C756-4022-B79B-DE9AF2491478}.Release|Any CPU.Build.0 = Release|Any CPU
		{D0A68A70-3BA4-4014-8C7D-A7FF3330A05F}.Debug|Any CPU.ActiveCfg = Debug|Any CPU
		{D0A68A70-3BA4-4014-8C7D-A7FF3330A05F}.Debug|Any CPU.Build.0 = Debug|Any CPU
		{D0A68A70-3BA4-4014-8C7D-A7FF3330A05F}.Release|Any CPU.ActiveCfg = Release|Any CPU
		{D0A68A70-3BA4-4014-8C7D-A7FF3330A05F}.Release|Any CPU.Build.0 = Release|Any CPU
		{63767C0A-35FB-47A5-AE7C-C98107768D9D}.Debug|Any CPU.ActiveCfg = Debug|Any CPU
		{63767C0A-35FB-47A5-AE7C-C98107768D9D}.Debug|Any CPU.Build.0 = Debug|Any CPU
		{63767C0A-35FB-47A5-AE7C-C98107768D9D}.Release|Any CPU.ActiveCfg = Release|Any CPU
		{63767C0A-35FB-47A5-AE7C-C98107768D9D}.Release|Any CPU.Build.0 = Release|Any CPU
		{571678FF-756A-4DB3-8087-24FF6C7A4DCB}.Debug|Any CPU.ActiveCfg = Debug|Any CPU
		{571678FF-756A-4DB3-8087-24FF6C7A4DCB}.Debug|Any CPU.Build.0 = Debug|Any CPU
		{571678FF-756A-4DB3-8087-24FF6C7A4DCB}.Release|Any CPU.ActiveCfg = Release|Any CPU
		{571678FF-756A-4DB3-8087-24FF6C7A4DCB}.Release|Any CPU.Build.0 = Release|Any CPU
		{846EA14E-3776-412B-A152-3251E890862E}.Debug|Any CPU.ActiveCfg = Debug|Any CPU
		{846EA14E-3776-412B-A152-3251E890862E}.Debug|Any CPU.Build.0 = Debug|Any CPU
		{846EA14E-3776-412B-A152-3251E890862E}.Release|Any CPU.ActiveCfg = Release|Any CPU
		{846EA14E-3776-412B-A152-3251E890862E}.Release|Any CPU.Build.0 = Release|Any CPU
		{9E0D2655-C531-4EDE-94D5-94CEFC4E6E8F}.Debug|Any CPU.ActiveCfg = Debug|Any CPU
		{9E0D2655-C531-4EDE-94D5-94CEFC4E6E8F}.Debug|Any CPU.Build.0 = Debug|Any CPU
		{9E0D2655-C531-4EDE-94D5-94CEFC4E6E8F}.Release|Any CPU.ActiveCfg = Release|Any CPU
		{9E0D2655-C531-4EDE-94D5-94CEFC4E6E8F}.Release|Any CPU.Build.0 = Release|Any CPU
		{D6ED6849-36C1-4B21-9BB0-DDF61BF44054}.Debug|Any CPU.ActiveCfg = Debug|Any CPU
		{D6ED6849-36C1-4B21-9BB0-DDF61BF44054}.Debug|Any CPU.Build.0 = Debug|Any CPU
		{D6ED6849-36C1-4B21-9BB0-DDF61BF44054}.Release|Any CPU.ActiveCfg = Release|Any CPU
		{D6ED6849-36C1-4B21-9BB0-DDF61BF44054}.Release|Any CPU.Build.0 = Release|Any CPU
		{3FA786C2-E2BF-4C5C-922F-0B94B2BDE89C}.Debug|Any CPU.ActiveCfg = Debug|Any CPU
		{3FA786C2-E2BF-4C5C-922F-0B94B2BDE89C}.Debug|Any CPU.Build.0 = Debug|Any CPU
		{3FA786C2-E2BF-4C5C-922F-0B94B2BDE89C}.Release|Any CPU.ActiveCfg = Release|Any CPU
		{3FA786C2-E2BF-4C5C-922F-0B94B2BDE89C}.Release|Any CPU.Build.0 = Release|Any CPU
		{C192A47F-5E22-4018-A555-6424A7071718}.Debug|Any CPU.ActiveCfg = Debug|Any CPU
		{C192A47F-5E22-4018-A555-6424A7071718}.Debug|Any CPU.Build.0 = Debug|Any CPU
		{C192A47F-5E22-4018-A555-6424A7071718}.Release|Any CPU.ActiveCfg = Release|Any CPU
		{C192A47F-5E22-4018-A555-6424A7071718}.Release|Any CPU.Build.0 = Release|Any CPU
	EndGlobalSection
EndGlobal
